
Microsoft Visual Studio Solution File, Format Version 12.00
# Visual Studio Version 17
VisualStudioVersion = 17.0.31903.59
MinimumVisualStudioVersion = 10.0.40219.1
Project("{2150E333-8FDC-42A3-9474-1A3956D46DE8}") = "src", "src", "{C2FCD898-9F1A-478F-BCF5-081557A302BB}"
EndProject
Project("{FAE04EC0-301F-11D3-BF4B-00C04F79EFBC}") = "CalculatorApp", "src\CalculatorApp\CalculatorApp.csproj", "{5FDA9239-7BAC-4FC4-BDF0-3680273BFE13}"
EndProject
Project("{2150E333-8FDC-42A3-9474-1A3956D46DE8}") = "tests", "tests", "{C2BB08DF-45D1-4773-AC19-B4835131395E}"
EndProject
Project("{FAE04EC0-301F-11D3-BF4B-00C04F79EFBC}") = "CalculatorApp.Tests", "tests\CalculatorApp.Tests\CalculatorApp.Tests.csproj", "{CD527529-25A6-49DF-B899-167A3D1E7760}"
EndProject
Global
	GlobalSection(SolutionConfigurationPlatforms) = preSolution
		Debug|Any CPU = Debug|Any CPU
		Release|Any CPU = Release|Any CPU
	EndGlobalSection
	GlobalSection(SolutionProperties) = preSolution
		HideSolutionNode = FALSE
	EndGlobalSection
	GlobalSection(ProjectConfigurationPlatforms) = postSolution
		{5FDA9239-7BAC-4FC4-BDF0-3680273BFE13}.Debug|Any CPU.ActiveCfg = Debug|Any CPU
		{5FDA9239-7BAC-4FC4-BDF0-3680273BFE13}.Debug|Any CPU.Build.0 = Debug|Any CPU
		{5FDA9239-7BAC-4FC4-BDF0-3680273BFE13}.Release|Any CPU.ActiveCfg = Release|Any CPU
		{5FDA9239-7BAC-4FC4-BDF0-3680273BFE13}.Release|Any CPU.Build.0 = Release|Any CPU
		{CD527529-25A6-49DF-B899-167A3D1E7760}.Debug|Any CPU.ActiveCfg = Debug|Any CPU
		{CD527529-25A6-49DF-B899-167A3D1E7760}.Debug|Any CPU.Build.0 = Debug|Any CPU
		{CD527529-25A6-49DF-B899-167A3D1E7760}.Release|Any CPU.ActiveCfg = Release|Any CPU
		{CD527529-25A6-49DF-B899-167A3D1E7760}.Release|Any CPU.Build.0 = Release|Any CPU
	EndGlobalSection
	GlobalSection(NestedProjects) = preSolution
		{5FDA9239-7BAC-4FC4-BDF0-3680273BFE13} = {C2FCD898-9F1A-478F-BCF5-081557A302BB}
		{CD527529-25A6-49DF-B899-167A3D1E7760} = {C2BB08DF-45D1-4773-AC19-B4835131395E}
	EndGlobalSection
EndGlobal
